// !$*UTF8*$!
{
	archiveVersion = 1;
	classes = {
	};
	objectVersion = 77;
	objects = {

/* Begin PBXBuildFile section */
		0F3E39DA2F4EFE0200B85450 /* scope.md in Resources */ = {isa = PBXBuildFile; fileRef = 0F3E39D72F4EFE0200B85450 /* scope.md */; };
		0F3E39E52F4EFEB000B85450 /* task.md in Resources */ = {isa = PBXBuildFile; fileRef = 0F3E39E42F4EFEB000B85450 /* task.md */; };
		0F3E39E72F4EFF5000B85450 /* AGENTS.md in Resources */ = {isa = PBXBuildFile; fileRef = 0F3E39E62F4EFF4D00B85450 /* AGENTS.md */; };
		0FA13C512F5048F000A12345 /* screenflowShareExtension.appex in Embed Foundation Extensions */ = {isa = PBXBuildFile; fileRef = 0FA13C432F5048F000A12345 /* screenflowShareExtension.appex */; settings = {ATTRIBUTES = (RemoveHeadersOnCopy, ); }; };
/* End PBXBuildFile section */

/* Begin PBXContainerItemProxy section */
		0F06A6B42F4EFAF800064157 /* PBXContainerItemProxy */ = {
			isa = PBXContainerItemProxy;
			containerPortal = 0F06A69C2F4EFAF800064157 /* Project object */;
			proxyType = 1;
			remoteGlobalIDString = 0F06A6A32F4EFAF800064157;
			remoteInfo = screenflow;
		};
		0F06A6BE2F4EFAF800064157 /* PBXContainerItemProxy */ = {
			isa = PBXContainerItemProxy;
			containerPortal = 0F06A69C2F4EFAF800064157 /* Project object */;
			proxyType = 1;
			remoteGlobalIDString = 0F06A6A32F4EFAF800064157;
			remoteInfo = screenflow;
		};
		0FA13C4D2F5048F000A12345 /* PBXContainerItemProxy */ = {
			isa = PBXContainerItemProxy;
			containerPortal = 0F06A69C2F4EFAF800064157 /* Project object */;
			proxyType = 1;
			remoteGlobalIDString = 0FA13C3A2F5048F000A12345;
			remoteInfo = screenflowShareExtension;
		};
/* End PBXContainerItemProxy section */

/* Begin PBXCopyFilesBuildPhase section */
		0FA13C4B2F5048F000A12345 /* Embed Foundation Extensions */ = {
			isa = PBXCopyFilesBuildPhase;
			buildActionMask = 2147483647;
			dstPath = "";
			dstSubfolderSpec = 13;
			files = (
				0FA13C512F5048F000A12345 /* screenflowShareExtension.appex in Embed Foundation Extensions */,
			);
			name = "Embed Foundation Extensions";
			runOnlyForDeploymentPostprocessing = 0;
		};
/* End PBXCopyFilesBuildPhase section */

/* Begin PBXFileReference section */
		0F06A6A42F4EFAF800064157 /* screenflow.app */ = {isa = PBXFileReference; explicitFileType = wrapper.application; includeInIndex = 0; path = screenflow.app; sourceTree = BUILT_PRODUCTS_DIR; };
		0F06A6B32F4EFAF800064157 /* screenflowTests.xctest */ = {isa = PBXFileReference; explicitFileType = wrapper.cfbundle; includeInIndex = 0; path = screenflowTests.xctest; sourceTree = BUILT_PRODUCTS_DIR; };
		0F06A6BD2F4EFAF800064157 /* screenflowUITests.xctest */ = {isa = PBXFileReference; explicitFileType = wrapper.cfbundle; includeInIndex = 0; path = screenflowUITests.xctest; sourceTree = BUILT_PRODUCTS_DIR; };
		0F3E39D72F4EFE0200B85450 /* scope.md */ = {isa = PBXFileReference; lastKnownFileType = net.daringfireball.markdown; path = scope.md; sourceTree = "<group>"; };
		0F3E39E42F4EFEB000B85450 /* task.md */ = {isa = PBXFileReference; lastKnownFileType = net.daringfireball.markdown; path = task.md; sourceTree = "<group>"; };
		0F3E39E62F4EFF4D00B85450 /* AGENTS.md */ = {isa = PBXFileReference; lastKnownFileType = net.daringfireball.markdown; path = AGENTS.md; sourceTree = "<group>"; };
		0F3E39EE2F4F00F000B85450 /* .gitignore */ = {isa = PBXFileReference; lastKnownFileType = sourcecode.swift; path = .gitignore; sourceTree = "<group>"; };
		0FA13C432F5048F000A12345 /* screenflowShareExtension.appex */ = {isa = PBXFileReference; explicitFileType = "wrapper.app-extension"; includeInIndex = 0; path = screenflowShareExtension.appex; sourceTree = BUILT_PRODUCTS_DIR; };
/* End PBXFileReference section */

/* Begin PBXFileSystemSynchronizedRootGroup section */
		0F06A6A62F4EFAF800064157 /* screenflow */ = {
			isa = PBXFileSystemSynchronizedRootGroup;
			path = screenflow;
			sourceTree = "<group>";
		};
		0F06A6B62F4EFAF800064157 /* screenflowTests */ = {
			isa = PBXFileSystemSynchronizedRootGroup;
			path = screenflowTests;
			sourceTree = "<group>";
		};
		0F06A6C02F4EFAF800064157 /* screenflowUITests */ = {
			isa = PBXFileSystemSynchronizedRootGroup;
			path = screenflowUITests;
			sourceTree = "<group>";
		};
		0FA13C452F5048F000A12345 /* screenflowShareExtension */ = {
			isa = PBXFileSystemSynchronizedRootGroup;
			path = screenflowShareExtension;
			sourceTree = "<group>";
		};
/* End PBXFileSystemSynchronizedRootGroup section */

/* Begin PBXFrameworksBuildPhase section */
		0F06A6A12F4EFAF800064157 /* Frameworks */ = {
			isa = PBXFrameworksBuildPhase;
			buildActionMask = 2147483647;
			files = (
			);
			runOnlyForDeploymentPostprocessing = 0;
		};
		0F06A6B02F4EFAF800064157 /* Frameworks */ = {
			isa = PBXFrameworksBuildPhase;
			buildActionMask = 2147483647;
			files = (
			);
			runOnlyForDeploymentPostprocessing = 0;
		};
		0F06A6BA2F4EFAF800064157 /* Frameworks */ = {
			isa = PBXFrameworksBuildPhase;
			buildActionMask = 2147483647;
			files = (
			);
			runOnlyForDeploymentPostprocessing = 0;
		};
		0FA13C402F5048F000A12345 /* Frameworks */ = {
			isa = PBXFrameworksBuildPhase;
			buildActionMask = 2147483647;
			files = (
			);
			runOnlyForDeploymentPostprocessing = 0;
		};
/* End PBXFrameworksBuildPhase section */

/* Begin PBXGroup section */
		0F06A69B2F4EFAF800064157 = {
			isa = PBXGroup;
			children = (
				0F06A6A62F4EFAF800064157 /* screenflow */,
				0F06A6B62F4EFAF800064157 /* screenflowTests */,
				0F06A6C02F4EFAF800064157 /* screenflowUITests */,
				0FA13C452F5048F000A12345 /* screenflowShareExtension */,
				0F06A6A52F4EFAF800064157 /* Products */,
				0F3E39E42F4EFEB000B85450 /* task.md */,
				0F3E39D72F4EFE0200B85450 /* scope.md */,
				0F3E39EE2F4F00F000B85450 /* .gitignore */,
				0F3E39E62F4EFF4D00B85450 /* AGENTS.md */,
				0F3E39E82F4F000E00B85450 /* Core */,
				0F3E39E92F4F000E00B85450 /* Features */,
				0F3E39EA2F4F000E00B85450 /* UI */,
				0F3E39EB2F4F000F00B85450 /* Services */,
				0F3E39EC2F4F000F00B85450 /* Models */,
				0F3E39ED2F4F000F00B85450 /* Tests */,
			);
			sourceTree = "<group>";
		};
		0F06A6A52F4EFAF800064157 /* Products */ = {
			isa = PBXGroup;
			children = (
				0F06A6A42F4EFAF800064157 /* screenflow.app */,
				0F06A6B32F4EFAF800064157 /* screenflowTests.xctest */,
				0F06A6BD2F4EFAF800064157 /* screenflowUITests.xctest */,
				0FA13C432F5048F000A12345 /* screenflowShareExtension.appex */,
			);
			name = Products;
			sourceTree = "<group>";
		};
		0F3E39E82F4F000E00B85450 /* Core */ = {
			isa = PBXGroup;
			children = (
			);
			path = Core;
			sourceTree = "<group>";
		};
		0F3E39E92F4F000E00B85450 /* Features */ = {
			isa = PBXGroup;
			children = (
			);
			path = Features;
			sourceTree = "<group>";
		};
		0F3E39EA2F4F000E00B85450 /* UI */ = {
			isa = PBXGroup;
			children = (
			);
			path = UI;
			sourceTree = "<group>";
		};
		0F3E39EB2F4F000F00B85450 /* Services */ = {
			isa = PBXGroup;
			children = (
			);
			path = Services;
			sourceTree = "<group>";
		};
		0F3E39EC2F4F000F00B85450 /* Models */ = {
			isa = PBXGroup;
			children = (
			);
			path = Models;
			sourceTree = "<group>";
		};
		0F3E39ED2F4F000F00B85450 /* Tests */ = {
			isa = PBXGroup;
			children = (
			);
			path = Tests;
			sourceTree = "<group>";
		};
/* End PBXGroup section */

/* Begin PBXNativeTarget section */
		0F06A6A32F4EFAF800064157 /* screenflow */ = {
			isa = PBXNativeTarget;
			buildConfigurationList = 0F06A6C72F4EFAF800064157 /* Build configuration list for PBXNativeTarget "screenflow" */;
			buildPhases = (
				0F06A6A02F4EFAF800064157 /* Sources */,
				0F06A6A12F4EFAF800064157 /* Frameworks */,
				0F06A6A22F4EFAF800064157 /* Resources */,
				0FA13C4B2F5048F000A12345 /* Embed Foundation Extensions */,
			);
			buildRules = (
			);
			dependencies = (
				0FA13C4F2F5048F000A12345 /* PBXTargetDependency */,
			);
			fileSystemSynchronizedGroups = (
				0F06A6A62F4EFAF800064157 /* screenflow */,
			);
			name = screenflow;
			packageProductDependencies = (
			);
			productName = screenflow;
			productReference = 0F06A6A42F4EFAF800064157 /* screenflow.app */;
			productType = "com.apple.product-type.application";
		};
		0F06A6B22F4EFAF800064157 /* screenflowTests */ = {
			isa = PBXNativeTarget;
			buildConfigurationList = 0F06A6CA2F4EFAF800064157 /* Build configuration list for PBXNativeTarget "screenflowTests" */;
			buildPhases = (
				0F06A6AF2F4EFAF800064157 /* Sources */,
				0F06A6B02F4EFAF800064157 /* Frameworks */,
				0F06A6B12F4EFAF800064157 /* Resources */,
			);
			buildRules = (
			);
			dependencies = (
				0F06A6B52F4EFAF800064157 /* PBXTargetDependency */,
			);
			fileSystemSynchronizedGroups = (
				0F06A6B62F4EFAF800064157 /* screenflowTests */,
			);
			name = screenflowTests;
			packageProductDependencies = (
			);
			productName = screenflowTests;
			productReference = 0F06A6B32F4EFAF800064157 /* screenflowTests.xctest */;
			productType = "com.apple.product-type.bundle.unit-test";
		};
		0F06A6BC2F4EFAF800064157 /* screenflowUITests */ = {
			isa = PBXNativeTarget;
			buildConfigurationList = 0F06A6CD2F4EFAF800064157 /* Build configuration list for PBXNativeTarget "screenflowUITests" */;
			buildPhases = (
				0F06A6B92F4EFAF800064157 /* Sources */,
				0F06A6BA2F4EFAF800064157 /* Frameworks */,
				0F06A6BB2F4EFAF800064157 /* Resources */,
			);
			buildRules = (
			);
			dependencies = (
				0F06A6BF2F4EFAF800064157 /* PBXTargetDependency */,
			);
			fileSystemSynchronizedGroups = (
				0F06A6C02F4EFAF800064157 /* screenflowUITests */,
			);
			name = screenflowUITests;
			packageProductDependencies = (
			);
			productName = screenflowUITests;
			productReference = 0F06A6BD2F4EFAF800064157 /* screenflowUITests.xctest */;
			productType = "com.apple.product-type.bundle.ui-testing";
		};
		0FA13C3A2F5048F000A12345 /* screenflowShareExtension */ = {
			isa = PBXNativeTarget;
			buildConfigurationList = 0FA13C492F5048F000A12345 /* Build configuration list for PBXNativeTarget "screenflowShareExtension" */;
			buildPhases = (
				0FA13C3F2F5048F000A12345 /* Sources */,
				0FA13C402F5048F000A12345 /* Frameworks */,
				0FA13C412F5048F000A12345 /* Resources */,
			);
			buildRules = (
			);
			dependencies = (
			);
			fileSystemSynchronizedGroups = (
				0FA13C452F5048F000A12345 /* screenflowShareExtension */,
			);
			name = screenflowShareExtension;
			packageProductDependencies = (
			);
			productName = screenflowShareExtension;
			productReference = 0FA13C432F5048F000A12345 /* screenflowShareExtension.appex */;
			productType = "com.apple.product-type.app-extension";
		};
/* End PBXNativeTarget section */

/* Begin PBXProject section */
		0F06A69C2F4EFAF800064157 /* Project object */ = {
			isa = PBXProject;
			attributes = {
				BuildIndependentTargetsInParallel = 1;
				LastSwiftUpdateCheck = 2620;
				LastUpgradeCheck = 2630;
				TargetAttributes = {
					0F06A6A32F4EFAF800064157 = {
						CreatedOnToolsVersion = 26.2;
					};
					0F06A6B22F4EFAF800064157 = {
						CreatedOnToolsVersion = 26.2;
						TestTargetID = 0F06A6A32F4EFAF800064157;
					};
					0F06A6BC2F4EFAF800064157 = {
						CreatedOnToolsVersion = 26.2;
						TestTargetID = 0F06A6A32F4EFAF800064157;
					};
					0FA13C3A2F5048F000A12345 = {
						CreatedOnToolsVersion = 26.2;
					};
				};
			};
			buildConfigurationList = 0F06A69F2F4EFAF800064157 /* Build configuration list for PBXProject "screenflow" */;
			developmentRegion = en;
			hasScannedForEncodings = 0;
			knownRegions = (
				en,
				Base,
			);
			mainGroup = 0F06A69B2F4EFAF800064157;
			minimizedProjectReferenceProxies = 1;
			preferredProjectObjectVersion = 77;
			productRefGroup = 0F06A6A52F4EFAF800064157 /* Products */;
			projectDirPath = "";
			projectRoot = "";
			targets = (
				0F06A6A32F4EFAF800064157 /* screenflow */,
				0F06A6B22F4EFAF800064157 /* screenflowTests */,
				0F06A6BC2F4EFAF800064157 /* screenflowUITests */,
				0FA13C3A2F5048F000A12345 /* screenflowShareExtension */,
			);
		};
/* End PBXProject section */

/* Begin PBXResourcesBuildPhase section */
		0F06A6A22F4EFAF800064157 /* Resources */ = {
			isa = PBXResourcesBuildPhase;
			buildActionMask = 2147483647;
			files = (
				0F3E39E52F4EFEB000B85450 /* task.md in Resources */,
				0F3E39E72F4EFF5000B85450 /* AGENTS.md in Resources */,
				0F3E39DA2F4EFE0200B85450 /* scope.md in Resources */,
			);
			runOnlyForDeploymentPostprocessing = 0;
		};
		0F06A6B12F4EFAF800064157 /* Resources */ = {
			isa = PBXResourcesBuildPhase;
			buildActionMask = 2147483647;
			files = (
			);
			runOnlyForDeploymentPostprocessing = 0;
		};
		0F06A6BB2F4EFAF800064157 /* Resources */ = {
			isa = PBXResourcesBuildPhase;
			buildActionMask = 2147483647;
			files = (
			);
			runOnlyForDeploymentPostprocessing = 0;
		};
		0FA13C412F5048F000A12345 /* Resources */ = {
			isa = PBXResourcesBuildPhase;
			buildActionMask = 2147483647;
			files = (
			);
			runOnlyForDeploymentPostprocessing = 0;
		};
/* End PBXResourcesBuildPhase section */

/* Begin PBXSourcesBuildPhase section */
		0F06A6A02F4EFAF800064157 /* Sources */ = {
			isa = PBXSourcesBuildPhase;
			buildActionMask = 2147483647;
			files = (
			);
			runOnlyForDeploymentPostprocessing = 0;
		};
		0F06A6AF2F4EFAF800064157 /* Sources */ = {
			isa = PBXSourcesBuildPhase;
			buildActionMask = 2147483647;
			files = (
			);
			runOnlyForDeploymentPostprocessing = 0;
		};
		0F06A6B92F4EFAF800064157 /* Sources */ = {
			isa = PBXSourcesBuildPhase;
			buildActionMask = 2147483647;
			files = (
			);
			runOnlyForDeploymentPostprocessing = 0;
		};
		0FA13C3F2F5048F000A12345 /* Sources */ = {
			isa = PBXSourcesBuildPhase;
			buildActionMask = 2147483647;
			files = (
			);
			runOnlyForDeploymentPostprocessing = 0;
		};
/* End PBXSourcesBuildPhase section */

/* Begin PBXTargetDependency section */
		0F06A6B52F4EFAF800064157 /* PBXTargetDependency */ = {
			isa = PBXTargetDependency;
			target = 0F06A6A32F4EFAF800064157 /* screenflow */;
			targetProxy = 0F06A6B42F4EFAF800064157 /* PBXContainerItemProxy */;
		};
		0F06A6BF2F4EFAF800064157 /* PBXTargetDependency */ = {
			isa = PBXTargetDependency;
			target = 0F06A6A32F4EFAF800064157 /* screenflow */;
			targetProxy = 0F06A6BE2F4EFAF800064157 /* PBXContainerItemProxy */;
		};
		0FA13C4F2F5048F000A12345 /* PBXTargetDependency */ = {
			isa = PBXTargetDependency;
			target = 0FA13C3A2F5048F000A12345 /* screenflowShareExtension */;
			targetProxy = 0FA13C4D2F5048F000A12345 /* PBXContainerItemProxy */;
		};
/* End PBXTargetDependency section */

/* Begin XCBuildConfiguration section */
		0F06A6C52F4EFAF800064157 /* Debug */ = {
			isa = XCBuildConfiguration;
			buildSettings = {
				ALWAYS_SEARCH_USER_PATHS = NO;
				ASSETCATALOG_COMPILER_GENERATE_SWIFT_ASSET_SYMBOL_EXTENSIONS = YES;
				CLANG_ANALYZER_NONNULL = YES;
				CLANG_ANALYZER_NUMBER_OBJECT_CONVERSION = YES_AGGRESSIVE;
				CLANG_CXX_LANGUAGE_STANDARD = "gnu++20";
				CLANG_ENABLE_MODULES = YES;
				CLANG_ENABLE_OBJC_ARC = YES;
				CLANG_ENABLE_OBJC_WEAK = YES;
				CLANG_WARN_BLOCK_CAPTURE_AUTORELEASING = YES;
				CLANG_WARN_BOOL_CONVERSION = YES;
				CLANG_WARN_COMMA = YES;
				CLANG_WARN_CONSTANT_CONVERSION = YES;
				CLANG_WARN_DEPRECATED_OBJC_IMPLEMENTATIONS = YES;
				CLANG_WARN_DIRECT_OBJC_ISA_USAGE = YES_ERROR;
				CLANG_WARN_DOCUMENTATION_COMMENTS = YES;
				CLANG_WARN_EMPTY_BODY = YES;
				CLANG_WARN_ENUM_CONVERSION = YES;
				CLANG_WARN_INFINITE_RECURSION = YES;
				CLANG_WARN_INT_CONVERSION = YES;
				CLANG_WARN_NON_LITERAL_NULL_CONVERSION = YES;
				CLANG_WARN_OBJC_IMPLICIT_RETAIN_SELF = YES;
				CLANG_WARN_OBJC_LITERAL_CONVERSION = YES;
				CLANG_WARN_OBJC_ROOT_CLASS = YES_ERROR;
				CLANG_WARN_QUOTED_INCLUDE_IN_FRAMEWORK_HEADER = YES;
				CLANG_WARN_RANGE_LOOP_ANALYSIS = YES;
				CLANG_WARN_STRICT_PROTOTYPES = YES;
				CLANG_WARN_SUSPICIOUS_MOVE = YES;
				CLANG_WARN_UNGUARDED_AVAILABILITY = YES_AGGRESSIVE;
				CLANG_WARN_UNREACHABLE_CODE = YES;
				CLANG_WARN__DUPLICATE_METHOD_MATCH = YES;
				COPY_PHASE_STRIP = NO;
				DEAD_CODE_STRIPPING = YES;
				DEBUG_INFORMATION_FORMAT = dwarf;
				DEVELOPMENT_TEAM = X7YBJSCF7D;
				ENABLE_STRICT_OBJC_MSGSEND = YES;
				ENABLE_TESTABILITY = YES;
				ENABLE_USER_SCRIPT_SANDBOXING = YES;
				GCC_C_LANGUAGE_STANDARD = gnu17;
				GCC_DYNAMIC_NO_PIC = NO;
				GCC_NO_COMMON_BLOCKS = YES;
				GCC_OPTIMIZATION_LEVEL = 0;
				GCC_PREPROCESSOR_DEFINITIONS = (
					"DEBUG=1",
					"$(inherited)",
				);
				GCC_WARN_64_TO_32_BIT_CONVERSION = YES;
				GCC_WARN_ABOUT_RETURN_TYPE = YES_ERROR;
				GCC_WARN_UNDECLARED_SELECTOR = YES;
				GCC_WARN_UNINITIALIZED_AUTOS = YES_AGGRESSIVE;
				GCC_WARN_UNUSED_FUNCTION = YES;
				GCC_WARN_UNUSED_VARIABLE = YES;
				LOCALIZATION_PREFERS_STRING_CATALOGS = YES;
				MTL_ENABLE_DEBUG_INFO = INCLUDE_SOURCE;
				MTL_FAST_MATH = YES;
				ONLY_ACTIVE_ARCH = YES;
				STRING_CATALOG_GENERATE_SYMBOLS = YES;
				SWIFT_ACTIVE_COMPILATION_CONDITIONS = "DEBUG $(inherited)";
				SWIFT_OPTIMIZATION_LEVEL = "-Onone";
			};
			name = Debug;
		};
		0F06A6C62F4EFAF800064157 /* Release */ = {
			isa = XCBuildConfiguration;
			buildSettings = {
				ALWAYS_SEARCH_USER_PATHS = NO;
				ASSETCATALOG_COMPILER_GENERATE_SWIFT_ASSET_SYMBOL_EXTENSIONS = YES;
				CLANG_ANALYZER_NONNULL = YES;
				CLANG_ANALYZER_NUMBER_OBJECT_CONVERSION = YES_AGGRESSIVE;
				CLANG_CXX_LANGUAGE_STANDARD = "gnu++20";
				CLANG_ENABLE_MODULES = YES;
				CLANG_ENABLE_OBJC_ARC = YES;
				CLANG_ENABLE_OBJC_WEAK = YES;
				CLANG_WARN_BLOCK_CAPTURE_AUTORELEASING = YES;
				CLANG_WARN_BOOL_CONVERSION = YES;
				CLANG_WARN_COMMA = YES;
				CLANG_WARN_CONSTANT_CONVERSION = YES;
				CLANG_WARN_DEPRECATED_OBJC_IMPLEMENTATIONS = YES;
				CLANG_WARN_DIRECT_OBJC_ISA_USAGE = YES_ERROR;
				CLANG_WARN_DOCUMENTATION_COMMENTS = YES;
				CLANG_WARN_EMPTY_BODY = YES;
				CLANG_WARN_ENUM_CONVERSION = YES;
				CLANG_WARN_INFINITE_RECURSION = YES;
				CLANG_WARN_INT_CONVERSION = YES;
				CLANG_WARN_NON_LITERAL_NULL_CONVERSION = YES;
				CLANG_WARN_OBJC_IMPLICIT_RETAIN_SELF = YES;
				CLANG_WARN_OBJC_LITERAL_CONVERSION = YES;
				CLANG_WARN_OBJC_ROOT_CLASS = YES_ERROR;
				CLANG_WARN_QUOTED_INCLUDE_IN_FRAMEWORK_HEADER = YES;
				CLANG_WARN_RANGE_LOOP_ANALYSIS = YES;
				CLANG_WARN_STRICT_PROTOTYPES = YES;
				CLANG_WARN_SUSPICIOUS_MOVE = YES;
				CLANG_WARN_UNGUARDED_AVAILABILITY = YES_AGGRESSIVE;
				CLANG_WARN_UNREACHABLE_CODE = YES;
				CLANG_WARN__DUPLICATE_METHOD_MATCH = YES;
				COPY_PHASE_STRIP = NO;
				DEAD_CODE_STRIPPING = YES;
				DEBUG_INFORMATION_FORMAT = "dwarf-with-dsym";
				DEVELOPMENT_TEAM = X7YBJSCF7D;
				ENABLE_NS_ASSERTIONS = NO;
				ENABLE_STRICT_OBJC_MSGSEND = YES;
				ENABLE_USER_SCRIPT_SANDBOXING = YES;
				GCC_C_LANGUAGE_STANDARD = gnu17;
				GCC_NO_COMMON_BLOCKS = YES;
				GCC_WARN_64_TO_32_BIT_CONVERSION = YES;
				GCC_WARN_ABOUT_RETURN_TYPE = YES_ERROR;
				GCC_WARN_UNDECLARED_SELECTOR = YES;
				GCC_WARN_UNINITIALIZED_AUTOS = YES_AGGRESSIVE;
				GCC_WARN_UNUSED_FUNCTION = YES;
				GCC_WARN_UNUSED_VARIABLE = YES;
				LOCALIZATION_PREFERS_STRING_CATALOGS = YES;
				MTL_ENABLE_DEBUG_INFO = NO;
				MTL_FAST_MATH = YES;
				STRING_CATALOG_GENERATE_SYMBOLS = YES;
				SWIFT_COMPILATION_MODE = wholemodule;
			};
			name = Release;
		};
		0F06A6C82F4EFAF800064157 /* Debug */ = {
			isa = XCBuildConfiguration;
			buildSettings = {
				ASSETCATALOG_COMPILER_APPICON_NAME = AppIcon;
				ASSETCATALOG_COMPILER_GLOBAL_ACCENT_COLOR_NAME = AccentColor;
				CODE_SIGN_ENTITLEMENTS = screenflow/screenflow.entitlements;
				CODE_SIGN_STYLE = Automatic;
				CURRENT_PROJECT_VERSION = 1;
				DEAD_CODE_STRIPPING = YES;
				DEVELOPMENT_TEAM = X7YBJSCF7D;
				ENABLE_APP_SANDBOX = YES;
				ENABLE_HARDENED_RUNTIME = YES;
				ENABLE_PREVIEWS = YES;
				ENABLE_USER_SELECTED_FILES = readonly;
				GENERATE_INFOPLIST_FILE = YES;
				INFOPLIST_KEY_NSCalendarsFullAccessUsageDescription = "ScreenFlow needs calendar access to create event actions from extracted flyer details.";
				INFOPLIST_KEY_NSCalendarsWriteOnlyAccessUsageDescription = "ScreenFlow needs calendar access to add events generated from screenshot understanding.";
				INFOPLIST_KEY_NSPhotoLibraryUsageDescription = "ScreenFlow needs photo library access so you can import screenshots for on-device processing.";
				"INFOPLIST_KEY_UIApplicationSceneManifest_Generation[sdk=iphoneos*]" = YES;
				"INFOPLIST_KEY_UIApplicationSceneManifest_Generation[sdk=iphonesimulator*]" = YES;
				"INFOPLIST_KEY_UIApplicationSupportsIndirectInputEvents[sdk=iphoneos*]" = YES;
				"INFOPLIST_KEY_UIApplicationSupportsIndirectInputEvents[sdk=iphonesimulator*]" = YES;
				"INFOPLIST_KEY_UILaunchScreen_Generation[sdk=iphoneos*]" = YES;
				"INFOPLIST_KEY_UILaunchScreen_Generation[sdk=iphonesimulator*]" = YES;
				"INFOPLIST_KEY_UIStatusBarStyle[sdk=iphoneos*]" = UIStatusBarStyleDefault;
				"INFOPLIST_KEY_UIStatusBarStyle[sdk=iphonesimulator*]" = UIStatusBarStyleDefault;
				INFOPLIST_KEY_UISupportedInterfaceOrientations_iPad = "UIInterfaceOrientationPortrait UIInterfaceOrientationPortraitUpsideDown UIInterfaceOrientationLandscapeLeft UIInterfaceOrientationLandscapeRight";
				INFOPLIST_KEY_UISupportedInterfaceOrientations_iPhone = "UIInterfaceOrientationPortrait UIInterfaceOrientationLandscapeLeft UIInterfaceOrientationLandscapeRight";
				IPHONEOS_DEPLOYMENT_TARGET = 26.2;
				LD_RUNPATH_SEARCH_PATHS = "@executable_path/Frameworks";
				"LD_RUNPATH_SEARCH_PATHS[sdk=macosx*]" = "@executable_path/../Frameworks";
				MACOSX_DEPLOYMENT_TARGET = 26.2;
				MARKETING_VERSION = 1.0;
				PRODUCT_BUNDLE_IDENTIFIER = IbrahimArshad.screenflow;
				PRODUCT_NAME = "$(TARGET_NAME)";
				REGISTER_APP_GROUPS = YES;
				SDKROOT = auto;
				STRING_CATALOG_GENERATE_SYMBOLS = YES;
				SUPPORTED_PLATFORMS = "iphoneos iphonesimulator";
				SWIFT_APPROACHABLE_CONCURRENCY = YES;
				SWIFT_DEFAULT_ACTOR_ISOLATION = MainActor;
				SWIFT_EMIT_LOC_STRINGS = YES;
				SWIFT_UPCOMING_FEATURE_MEMBER_IMPORT_VISIBILITY = YES;
				SWIFT_VERSION = 5.0;
				TARGETED_DEVICE_FAMILY = "1,2";
				XROS_DEPLOYMENT_TARGET = 26.2;
			};
			name = Debug;
		};
		0F06A6C92F4EFAF800064157 /* Release */ = {
			isa = XCBuildConfiguration;
			buildSettings = {
				ASSETCATALOG_COMPILER_APPICON_NAME = AppIcon;
				ASSETCATALOG_COMPILER_GLOBAL_ACCENT_COLOR_NAME = AccentColor;
				CODE_SIGN_ENTITLEMENTS = screenflow/screenflow.entitlements;
				CODE_SIGN_STYLE = Automatic;
				CURRENT_PROJECT_VERSION = 1;
				DEAD_CODE_STRIPPING = YES;
				DEVELOPMENT_TEAM = X7YBJSCF7D;
				ENABLE_APP_SANDBOX = YES;
				ENABLE_HARDENED_RUNTIME = YES;
				ENABLE_PREVIEWS = YES;
				ENABLE_USER_SELECTED_FILES = readonly;
				GENERATE_INFOPLIST_FILE = YES;
				INFOPLIST_KEY_NSCalendarsFullAccessUsageDescription = "ScreenFlow needs calendar access to create event actions from extracted flyer details.";
				INFOPLIST_KEY_NSCalendarsWriteOnlyAccessUsageDescription = "ScreenFlow needs calendar access to add events generated from screenshot understanding.";
				INFOPLIST_KEY_NSPhotoLibraryUsageDescription = "ScreenFlow needs photo library access so you can import screenshots for on-device processing.";
				"INFOPLIST_KEY_UIApplicationSceneManifest_Generation[sdk=iphoneos*]" = YES;
				"INFOPLIST_KEY_UIApplicationSceneManifest_Generation[sdk=iphonesimulator*]" = YES;
				"INFOPLIST_KEY_UIApplicationSupportsIndirectInputEvents[sdk=iphoneos*]" = YES;
				"INFOPLIST_KEY_UIApplicationSupportsIndirectInputEvents[sdk=iphonesimulator*]" = YES;
				"INFOPLIST_KEY_UILaunchScreen_Generation[sdk=iphoneos*]" = YES;
				"INFOPLIST_KEY_UILaunchScreen_Generation[sdk=iphonesimulator*]" = YES;
				"INFOPLIST_KEY_UIStatusBarStyle[sdk=iphoneos*]" = UIStatusBarStyleDefault;
				"INFOPLIST_KEY_UIStatusBarStyle[sdk=iphonesimulator*]" = UIStatusBarStyleDefault;
				INFOPLIST_KEY_UISupportedInterfaceOrientations_iPad = "UIInterfaceOrientationPortrait UIInterfaceOrientationPortraitUpsideDown UIInterfaceOrientationLandscapeLeft UIInterfaceOrientationLandscapeRight";
				INFOPLIST_KEY_UISupportedInterfaceOrientations_iPhone = "UIInterfaceOrientationPortrait UIInterfaceOrientationLandscapeLeft UIInterfaceOrientationLandscapeRight";
				IPHONEOS_DEPLOYMENT_TARGET = 26.2;
				LD_RUNPATH_SEARCH_PATHS = "@executable_path/Frameworks";
				"LD_RUNPATH_SEARCH_PATHS[sdk=macosx*]" = "@executable_path/../Frameworks";
				MACOSX_DEPLOYMENT_TARGET = 26.2;
				MARKETING_VERSION = 1.0;
				PRODUCT_BUNDLE_IDENTIFIER = IbrahimArshad.screenflow;
				PRODUCT_NAME = "$(TARGET_NAME)";
				REGISTER_APP_GROUPS = YES;
				SDKROOT = auto;
				STRING_CATALOG_GENERATE_SYMBOLS = YES;
				SUPPORTED_PLATFORMS = "iphoneos iphonesimulator";
				SWIFT_APPROACHABLE_CONCURRENCY = YES;
				SWIFT_DEFAULT_ACTOR_ISOLATION = MainActor;
				SWIFT_EMIT_LOC_STRINGS = YES;
				SWIFT_UPCOMING_FEATURE_MEMBER_IMPORT_VISIBILITY = YES;
				SWIFT_VERSION = 5.0;
				TARGETED_DEVICE_FAMILY = "1,2";
				XROS_DEPLOYMENT_TARGET = 26.2;
			};
			name = Release;
		};
		0F06A6CB2F4EFAF800064157 /* Debug */ = {
			isa = XCBuildConfiguration;
			buildSettings = {
				BUNDLE_LOADER = "$(TEST_HOST)";
				CODE_SIGN_STYLE = Automatic;
				CURRENT_PROJECT_VERSION = 1;
				DEAD_CODE_STRIPPING = YES;
				DEVELOPMENT_TEAM = X7YBJSCF7D;
				GENERATE_INFOPLIST_FILE = YES;
				IPHONEOS_DEPLOYMENT_TARGET = 26.2;
				MACOSX_DEPLOYMENT_TARGET = 26.2;
				MARKETING_VERSION = 1.0;
				PRODUCT_BUNDLE_IDENTIFIER = IbrahimArshad.screenflowTests;
				PRODUCT_NAME = "$(TARGET_NAME)";
				SDKROOT = auto;
				STRING_CATALOG_GENERATE_SYMBOLS = NO;
				SUPPORTED_PLATFORMS = "iphoneos iphonesimulator";
				SWIFT_APPROACHABLE_CONCURRENCY = YES;
				SWIFT_EMIT_LOC_STRINGS = NO;
				SWIFT_UPCOMING_FEATURE_MEMBER_IMPORT_VISIBILITY = YES;
				SWIFT_VERSION = 5.0;
				TARGETED_DEVICE_FAMILY = "1,2";
				TEST_HOST = "$(BUILT_PRODUCTS_DIR)/screenflow.app/$(BUNDLE_EXECUTABLE_FOLDER_PATH)/screenflow";
				XROS_DEPLOYMENT_TARGET = 26.2;
			};
			name = Debug;
		};
		0F06A6CC2F4EFAF800064157 /* Release */ = {
			isa = XCBuildConfiguration;
			buildSettings = {
				BUNDLE_LOADER = "$(TEST_HOST)";
				CODE_SIGN_STYLE = Automatic;
				CURRENT_PROJECT_VERSION = 1;
				DEAD_CODE_STRIPPING = YES;
				DEVELOPMENT_TEAM = X7YBJSCF7D;
				GENERATE_INFOPLIST_FILE = YES;
				IPHONEOS_DEPLOYMENT_TARGET = 26.2;
				MACOSX_DEPLOYMENT_TARGET = 26.2;
				MARKETING_VERSION = 1.0;
				PRODUCT_BUNDLE_IDENTIFIER = IbrahimArshad.screenflowTests;
				PRODUCT_NAME = "$(TARGET_NAME)";
				SDKROOT = auto;
				STRING_CATALOG_GENERATE_SYMBOLS = NO;
				SUPPORTED_PLATFORMS = "iphoneos iphonesimulator";
				SWIFT_APPROACHABLE_CONCURRENCY = YES;
				SWIFT_EMIT_LOC_STRINGS = NO;
				SWIFT_UPCOMING_FEATURE_MEMBER_IMPORT_VISIBILITY = YES;
				SWIFT_VERSION = 5.0;
				TARGETED_DEVICE_FAMILY = "1,2";
				TEST_HOST = "$(BUILT_PRODUCTS_DIR)/screenflow.app/$(BUNDLE_EXECUTABLE_FOLDER_PATH)/screenflow";
				XROS_DEPLOYMENT_TARGET = 26.2;
			};
			name = Release;
		};
		0F06A6CE2F4EFAF800064157 /* Debug */ = {
			isa = XCBuildConfiguration;
			buildSettings = {
				CODE_SIGN_STYLE = Automatic;
				CURRENT_PROJECT_VERSION = 1;
				DEAD_CODE_STRIPPING = YES;
				DEVELOPMENT_TEAM = X7YBJSCF7D;
				GENERATE_INFOPLIST_FILE = YES;
				IPHONEOS_DEPLOYMENT_TARGET = 26.2;
				MACOSX_DEPLOYMENT_TARGET = 26.2;
				MARKETING_VERSION = 1.0;
				PRODUCT_BUNDLE_IDENTIFIER = IbrahimArshad.screenflowUITests;
				PRODUCT_NAME = "$(TARGET_NAME)";
				SDKROOT = auto;
				STRING_CATALOG_GENERATE_SYMBOLS = NO;
				SUPPORTED_PLATFORMS = "iphoneos iphonesimulator";
				SWIFT_APPROACHABLE_CONCURRENCY = YES;
				SWIFT_EMIT_LOC_STRINGS = NO;
				SWIFT_UPCOMING_FEATURE_MEMBER_IMPORT_VISIBILITY = YES;
				SWIFT_VERSION = 5.0;
				TARGETED_DEVICE_FAMILY = "1,2";
				TEST_TARGET_NAME = screenflow;
				XROS_DEPLOYMENT_TARGET = 26.2;
			};
			name = Debug;
		};
		0F06A6CF2F4EFAF800064157 /* Release */ = {
			isa = XCBuildConfiguration;
			buildSettings = {
				CODE_SIGN_STYLE = Automatic;
				CURRENT_PROJECT_VERSION = 1;
				DEAD_CODE_STRIPPING = YES;
				DEVELOPMENT_TEAM = X7YBJSCF7D;
				GENERATE_INFOPLIST_FILE = YES;
				IPHONEOS_DEPLOYMENT_TARGET = 26.2;
				MACOSX_DEPLOYMENT_TARGET = 26.2;
				MARKETING_VERSION = 1.0;
				PRODUCT_BUNDLE_IDENTIFIER = IbrahimArshad.screenflowUITests;
				PRODUCT_NAME = "$(TARGET_NAME)";
				SDKROOT = auto;
				STRING_CATALOG_GENERATE_SYMBOLS = NO;
				SUPPORTED_PLATFORMS = "iphoneos iphonesimulator";
				SWIFT_APPROACHABLE_CONCURRENCY = YES;
				SWIFT_EMIT_LOC_STRINGS = NO;
				SWIFT_UPCOMING_FEATURE_MEMBER_IMPORT_VISIBILITY = YES;
				SWIFT_VERSION = 5.0;
				TARGETED_DEVICE_FAMILY = "1,2";
				TEST_TARGET_NAME = screenflow;
				XROS_DEPLOYMENT_TARGET = 26.2;
			};
			name = Release;
		};
		0FA13C472F5048F000A12345 /* Debug */ = {
			isa = XCBuildConfiguration;
			buildSettings = {
				APPLICATION_EXTENSION_API_ONLY = YES;
				CODE_SIGN_ENTITLEMENTS = screenflowShareExtension/screenflowShareExtension.entitlements;
				CODE_SIGN_STYLE = Automatic;
				CURRENT_PROJECT_VERSION = 1;
				DEAD_CODE_STRIPPING = YES;
				DEVELOPMENT_TEAM = X7YBJSCF7D;
				EXCLUDED_SOURCE_FILE_NAMES = Info.plist;
				GENERATE_INFOPLIST_FILE = NO;
				INFOPLIST_FILE = "screenflowShareExtension-Info.plist";
				IPHONEOS_DEPLOYMENT_TARGET = 26.2;
				LD_RUNPATH_SEARCH_PATHS = (
					"$(inherited)",
					"@executable_path/Frameworks",
					"@executable_path/../../Frameworks",
				);
				MARKETING_VERSION = 1.0;
				PRODUCT_BUNDLE_IDENTIFIER = IbrahimArshad.screenflow.shareextension;
				PRODUCT_NAME = "$(TARGET_NAME)";
				SDKROOT = auto;
				SKIP_INSTALL = YES;
				STRING_CATALOG_GENERATE_SYMBOLS = NO;
				SUPPORTED_PLATFORMS = "iphoneos iphonesimulator";
				SWIFT_APPROACHABLE_CONCURRENCY = YES;
				SWIFT_DEFAULT_ACTOR_ISOLATION = MainActor;
				SWIFT_EMIT_LOC_STRINGS = NO;
				SWIFT_UPCOMING_FEATURE_MEMBER_IMPORT_VISIBILITY = YES;
				SWIFT_VERSION = 5.0;
				TARGETED_DEVICE_FAMILY = "1,2";
			};
			name = Debug;
		};
		0FA13C482F5048F000A12345 /* Release */ = {
			isa = XCBuildConfiguration;
			buildSettings = {
				APPLICATION_EXTENSION_API_ONLY = YES;
				CODE_SIGN_ENTITLEMENTS = screenflowShareExtension/screenflowShareExtension.entitlements;
				CODE_SIGN_STYLE = Automatic;
				CURRENT_PROJECT_VERSION = 1;
				DEAD_CODE_STRIPPING = YES;
				DEVELOPMENT_TEAM = X7YBJSCF7D;
				EXCLUDED_SOURCE_FILE_NAMES = Info.plist;
				GENERATE_INFOPLIST_FILE = NO;
				INFOPLIST_FILE = "screenflowShareExtension-Info.plist";
				IPHONEOS_DEPLOYMENT_TARGET = 26.2;
				LD_RUNPATH_SEARCH_PATHS = (
					"$(inherited)",
					"@executable_path/Frameworks",
					"@executable_path/../../Frameworks",
				);
				MARKETING_VERSION = 1.0;
				PRODUCT_BUNDLE_IDENTIFIER = IbrahimArshad.screenflow.shareextension;
				PRODUCT_NAME = "$(TARGET_NAME)";
				SDKROOT = auto;
				SKIP_INSTALL = YES;
				STRING_CATALOG_GENERATE_SYMBOLS = NO;
				SUPPORTED_PLATFORMS = "iphoneos iphonesimulator";
				SWIFT_APPROACHABLE_CONCURRENCY = YES;
				SWIFT_DEFAULT_ACTOR_ISOLATION = MainActor;
				SWIFT_EMIT_LOC_STRINGS = NO;
				SWIFT_UPCOMING_FEATURE_MEMBER_IMPORT_VISIBILITY = YES;
				SWIFT_VERSION = 5.0;
				TARGETED_DEVICE_FAMILY = "1,2";
			};
			name = Release;
		};
/* End XCBuildConfiguration section */

/* Begin XCConfigurationList section */
		0F06A69F2F4EFAF800064157 /* Build configuration list for PBXProject "screenflow" */ = {
			isa = XCConfigurationList;
			buildConfigurations = (
				0F06A6C52F4EFAF800064157 /* Debug */,
				0F06A6C62F4EFAF800064157 /* Release */,
			);
			defaultConfigurationIsVisible = 0;
			defaultConfigurationName = Release;
		};
		0F06A6C72F4EFAF800064157 /* Build configuration list for PBXNativeTarget "screenflow" */ = {
			isa = XCConfigurationList;
			buildConfigurations = (
				0F06A6C82F4EFAF800064157 /* Debug */,
				0F06A6C92F4EFAF800064157 /* Release */,
			);
			defaultConfigurationIsVisible = 0;
			defaultConfigurationName = Release;
		};
		0F06A6CA2F4EFAF800064157 /* Build configuration list for PBXNativeTarget "screenflowTests" */ = {
			isa = XCConfigurationList;
			buildConfigurations = (
				0F06A6CB2F4EFAF800064157 /* Debug */,
				0F06A6CC2F4EFAF800064157 /* Release */,
			);
			defaultConfigurationIsVisible = 0;
			defaultConfigurationName = Release;
		};
		0F06A6CD2F4EFAF800064157 /* Build configuration list for PBXNativeTarget "screenflowUITests" */ = {
			isa = XCConfigurationList;
			buildConfigurations = (
				0F06A6CE2F4EFAF800064157 /* Debug */,
				0F06A6CF2F4EFAF800064157 /* Release */,
			);
			defaultConfigurationIsVisible = 0;
			defaultConfigurationName = Release;
		};
		0FA13C492F5048F000A12345 /* Build configuration list for PBXNativeTarget "screenflowShareExtension" */ = {
			isa = XCConfigurationList;
			buildConfigurations = (
				0FA13C472F5048F000A12345 /* Debug */,
				0FA13C482F5048F000A12345 /* Release */,
			);
			defaultConfigurationIsVisible = 0;
			defaultConfigurationName = Release;
		};
/* End XCConfigurationList section */
	};
	rootObject = 0F06A69C2F4EFAF800064157 /* Project object */;
}
